
Microsoft Visual Studio Solution File, Format Version 12.00
# Visual Studio Version 16
VisualStudioVersion = 16.0.32106.194
MinimumVisualStudioVersion = 10.0.40219.1
Project("{FAE04EC0-301F-11D3-BF4B-00C04F79EFBC}") = "pleb", "pleb\pleb.csproj", "{7AB46484-BCC3-49C8-9BDF-C85E2303CB58}"
EndProject
Global
	GlobalSection(SolutionConfigurationPlatforms) = preSolution
		Debug|Any CPU = Debug|Any CPU
		Release|Any CPU = Release|Any CPU
	EndGlobalSection
	GlobalSection(ProjectConfigurationPlatforms) = postSolution
		{7AB46484-BCC3-49C8-9BDF-C85E2303CB58}.Debug|Any CPU.ActiveCfg = Debug|Any CPU
		{7AB46484-BCC3-49C8-9BDF-C85E2303CB58}.Debug|Any CPU.Build.0 = Debug|Any CPU
		{7AB46484-BCC3-49C8-9BDF-C85E2303CB58}.Release|Any CPU.ActiveCfg = Release|Any CPU
		{7AB46484-BCC3-49C8-9BDF-C85E2303CB58}.Release|Any CPU.Build.0 = Release|Any CPU
	EndGlobalSection
	GlobalSection(SolutionProperties) = preSolution
		HideSolutionNode = FALSE
	EndGlobalSection
	GlobalSection(ExtensibilityGlobals) = postSolution
		SolutionGuid = {8EBF9C88-6A8E-49D5-B7FC-35C500669DF6}
	EndGlobalSection
EndGlobal
